
Microsoft Visual Studio Solution File, Format Version 12.00
# Visual Studio Version 16
VisualStudioVersion = 16.0.28729.10
MinimumVisualStudioVersion = 10.0.40219.1
Project("{FAE04EC0-301F-11D3-BF4B-00C04F79EFBC}") = "AppCleaner", "AppCleaner.csproj", "{F18155DE-2E47-4FDE-87D4-DE70757836DF}"
EndProject
Global
	GlobalSection(SolutionConfigurationPlatforms) = preSolution
		Debug|Any CPU = Debug|Any CPU
		Release|Any CPU = Release|Any CPU
	EndGlobalSection
	GlobalSection(ProjectConfigurationPlatforms) = postSolution
		{F18155DE-2E47-4FDE-87D4-DE70757836DF}.Debug|Any CPU.ActiveCfg = Debug|Any CPU
		{F18155DE-2E47-4FDE-87D4-DE70757836DF}.Debug|Any CPU.Build.0 = Debug|Any CPU
		{F18155DE-2E47-4FDE-87D4-DE70757836DF}.Release|Any CPU.ActiveCfg = Release|Any CPU
		{F18155DE-2E47-4FDE-87D4-DE70757836DF}.Release|Any CPU.Build.0 = Release|Any CPU
	EndGlobalSection
	GlobalSection(SolutionProperties) = preSolution
		HideSolutionNode = FALSE
	EndGlobalSection
	GlobalSection(ExtensibilityGlobals) = postSolution
		SolutionGuid = {1F6F6E7C-7E82-4487-A6E6-C084EA87845B}
	EndGlobalSection
EndGlobal
